
Microsoft Visual Studio Solution File, Format Version 12.00
# Visual Studio Version 16
VisualStudioVersion = 16.0.29123.88
MinimumVisualStudioVersion = 10.0.40219.1
Project("{FAE04EC0-301F-11D3-BF4B-00C04F79EFBC}") = "KokoroVR", "KokoroVR\KokoroVR.csproj", "{9A80E78B-BF2B-4A0A-AD6C-5CC4794DAA0C}"
EndProject
Project("{FAE04EC0-301F-11D3-BF4B-00C04F79EFBC}") = "Kokoro.Math", "Kokoro.Math\Kokoro.Math.csproj", "{043ECD5D-E71C-4954-8886-0418727AB661}"
EndProject
Project("{2150E333-8FDC-42A3-9474-1A3956D46DE8}") = "Solution Items", "Solution Items", "{BB0BC4EB-9FB4-430C-B917-5B6D8DCD5626}"
	ProjectSection(SolutionItems) = preProject
		GPUPerfAPICL-x64.dll = GPUPerfAPICL-x64.dll
		GPUPerfAPICounters-x64.dll = GPUPerfAPICounters-x64.dll
		GPUPerfAPIDXGetAMDDeviceInfo-x64.dll = GPUPerfAPIDXGetAMDDeviceInfo-x64.dll
		GPUPerfAPIGL-x64.dll = GPUPerfAPIGL-x64.dll
		OpenTK.dll = OpenTK.dll
		OpenTK.GLControl.dll = OpenTK.GLControl.dll
	EndProjectSection
EndProject
Project("{FAE04EC0-301F-11D3-BF4B-00C04F79EFBC}") = "Valve.VR", "Valve.VR\Valve.VR.csproj", "{37821157-6EA9-4F18-9069-AA4C0880442E}"
EndProject
Project("{FAE04EC0-301F-11D3-BF4B-00C04F79EFBC}") = "Kokoro.Physics", "Kokoro.Physics\Kokoro.Physics.csproj", "{26ADADBB-B175-47CE-A80F-DAA034C98B82}"
EndProject
Project("{FAE04EC0-301F-11D3-BF4B-00C04F79EFBC}") = "Kokoro.Graphics", "Kokoro.Graphics\Kokoro.Graphics.csproj", "{357295C3-64CF-43DF-A56F-99CD133B44A0}"
EndProject
Project("{FAE04EC0-301F-11D3-BF4B-00C04F79EFBC}") = "Kokoro.Common", "Kokoro.Common\Kokoro.Common.csproj", "{D768F549-CFF8-4022-A542-D4C0FCB90623}"
EndProject
Project("{2150E333-8FDC-42A3-9474-1A3956D46DE8}") = "Resources", "Resources", "{30D55E69-7CAB-41E8-8F69-2A292B9AF891}"
EndProject
Project("{FAE04EC0-301F-11D3-BF4B-00C04F79EFBC}") = "Kokoro.Network.Server", "Kokoro.Network.Server\Kokoro.Network.Server.csproj", "{91168C5A-5A50-4585-BF3F-CEEAD37D49FD}"
EndProject
Project("{FAE04EC0-301F-11D3-BF4B-00C04F79EFBC}") = "Kokoro.Network.Client", "Kokoro.Network.Client\Kokoro.Network.Client.csproj", "{A411CB83-41AD-4016-B677-8147BD6A0DA2}"
EndProject
Project("{FAE04EC0-301F-11D3-BF4B-00C04F79EFBC}") = "KokoroVR.Test", "KokoroVR.Test\KokoroVR.Test.csproj", "{B967395B-11AA-4811-8AC7-86DF15A07D95}"
EndProject
Project("{FAE04EC0-301F-11D3-BF4B-00C04F79EFBC}") = "GPUPerfAPI.NET", "GPUPerfAPI.NET\GPUPerfAPI.NET.csproj", "{82A8C5A6-543E-4CA9-AC1A-78533ABFF59B}"
EndProject
Project("{FAE04EC0-301F-11D3-BF4B-00C04F79EFBC}") = "Kokoro.ShaderAnalyzer", "Kokoro.ShaderAnalyzer\Kokoro.ShaderAnalyzer.csproj", "{B379D4A9-18D5-404F-B100-71CFB6CEF717}"
EndProject
Project("{8BC9CEB8-8B4A-11D0-8D11-00A0C91BC942}") = "Kokoro.AMDGPUPerf", "Kokoro.AMDGPUPerf\Kokoro.AMDGPUPerf.vcxproj", "{7C125B57-4671-4D0E-B5BE-E2E6CDBC7073}"
EndProject
Project("{FAE04EC0-301F-11D3-BF4B-00C04F79EFBC}") = "PerfAPIAnalyzer", "PerfAPIAnalyzer\PerfAPIAnalyzer.csproj", "{E8410DCD-51C2-49B3-9AF7-573187708B20}"
EndProject
Global
	GlobalSection(SolutionConfigurationPlatforms) = preSolution
		Debug|Any CPU = Debug|Any CPU
		Debug|x64 = Debug|x64
		Debug|x86 = Debug|x86
		Release|Any CPU = Release|Any CPU
		Release|x64 = Release|x64
		Release|x86 = Release|x86
	EndGlobalSection
	GlobalSection(ProjectConfigurationPlatforms) = postSolution
		{9A80E78B-BF2B-4A0A-AD6C-5CC4794DAA0C}.Debug|Any CPU.ActiveCfg = Debug|Any CPU
		{9A80E78B-BF2B-4A0A-AD6C-5CC4794DAA0C}.Debug|Any CPU.Build.0 = Debug|Any CPU
		{9A80E78B-BF2B-4A0A-AD6C-5CC4794DAA0C}.Debug|x64.ActiveCfg = Debug|x64
		{9A80E78B-BF2B-4A0A-AD6C-5CC4794DAA0C}.Debug|x64.Build.0 = Debug|x64
		{9A80E78B-BF2B-4A0A-AD6C-5CC4794DAA0C}.Debug|x86.ActiveCfg = Debug|Any CPU
		{9A80E78B-BF2B-4A0A-AD6C-5CC4794DAA0C}.Debug|x86.Build.0 = Debug|Any CPU
		{9A80E78B-BF2B-4A0A-AD6C-5CC4794DAA0C}.Release|Any CPU.ActiveCfg = Release|Any CPU
		{9A80E78B-BF2B-4A0A-AD6C-5CC4794DAA0C}.Release|Any CPU.Build.0 = Release|Any CPU
		{9A80E78B-BF2B-4A0A-AD6C-5CC4794DAA0C}.Release|x64.ActiveCfg = Release|x64
		{9A80E78B-BF2B-4A0A-AD6C-5CC4794DAA0C}.Release|x64.Build.0 = Release|x64
		{9A80E78B-BF2B-4A0A-AD6C-5CC4794DAA0C}.Release|x86.ActiveCfg = Release|Any CPU
		{9A80E78B-BF2B-4A0A-AD6C-5CC4794DAA0C}.Release|x86.Build.0 = Release|Any CPU
		{043ECD5D-E71C-4954-8886-0418727AB661}.Debug|Any CPU.ActiveCfg = Debug|Any CPU
		{043ECD5D-E71C-4954-8886-0418727AB661}.Debug|Any CPU.Build.0 = Debug|Any CPU
		{043ECD5D-E71C-4954-8886-0418727AB661}.Debug|x64.ActiveCfg = Debug|x64
		{043ECD5D-E71C-4954-8886-0418727AB661}.Debug|x64.Build.0 = Debug|x64
		{043ECD5D-E71C-4954-8886-0418727AB661}.Debug|x86.ActiveCfg = Debug|Any CPU
		{043ECD5D-E71C-4954-8886-0418727AB661}.Debug|x86.Build.0 = Debug|Any CPU
		{043ECD5D-E71C-4954-8886-0418727AB661}.Release|Any CPU.ActiveCfg = Release|Any CPU
		{043ECD5D-E71C-4954-8886-0418727AB661}.Release|Any CPU.Build.0 = Release|Any CPU
		{043ECD5D-E71C-4954-8886-0418727AB661}.Release|x64.ActiveCfg = Release|x64
		{043ECD5D-E71C-4954-8886-0418727AB661}.Release|x64.Build.0 = Release|x64
		{043ECD5D-E71C-4954-8886-0418727AB661}.Release|x86.ActiveCfg = Release|Any CPU
		{043ECD5D-E71C-4954-8886-0418727AB661}.Release|x86.Build.0 = Release|Any CPU
		{37821157-6EA9-4F18-9069-AA4C0880442E}.Debug|Any CPU.ActiveCfg = Debug|Any CPU
		{37821157-6EA9-4F18-9069-AA4C0880442E}.Debug|Any CPU.Build.0 = Debug|Any CPU
		{37821157-6EA9-4F18-9069-AA4C0880442E}.Debug|x64.ActiveCfg = Debug|x64
		{37821157-6EA9-4F18-9069-AA4C0880442E}.Debug|x64.Build.0 = Debug|x64
		{37821157-6EA9-4F18-9069-AA4C0880442E}.Debug|x86.ActiveCfg = Debug|Any CPU
		{37821157-6EA9-4F18-9069-AA4C0880442E}.Debug|x86.Build.0 = Debug|Any CPU
		{37821157-6EA9-4F18-9069-AA4C0880442E}.Release|Any CPU.ActiveCfg = Release|Any CPU
		{37821157-6EA9-4F18-9069-AA4C0880442E}.Release|Any CPU.Build.0 = Release|Any CPU
		{37821157-6EA9-4F18-9069-AA4C0880442E}.Release|x64.ActiveCfg = Release|x64
		{37821157-6EA9-4F18-9069-AA4C0880442E}.Release|x64.Build.0 = Release|x64
		{37821157-6EA9-4F18-9069-AA4C0880442E}.Release|x86.ActiveCfg = Release|Any CPU
		{37821157-6EA9-4F18-9069-AA4C0880442E}.Release|x86.Build.0 = Release|Any CPU
		{26ADADBB-B175-47CE-A80F-DAA034C98B82}.Debug|Any CPU.ActiveCfg = Debug|Any CPU
		{26ADADBB-B175-47CE-A80F-DAA034C98B82}.Debug|Any CPU.Build.0 = Debug|Any CPU
		{26ADADBB-B175-47CE-A80F-DAA034C98B82}.Debug|x64.ActiveCfg = Debug|x64
		{26ADADBB-B175-47CE-A80F-DAA034C98B82}.Debug|x64.Build.0 = Debug|x64
		{26ADADBB-B175-47CE-A80F-DAA034C98B82}.Debug|x86.ActiveCfg = Debug|Any CPU
		{26ADADBB-B175-47CE-A80F-DAA034C98B82}.Debug|x86.Build.0 = Debug|Any CPU
		{26ADADBB-B175-47CE-A80F-DAA034C98B82}.Release|Any CPU.ActiveCfg = Release|Any CPU
		{26ADADBB-B175-47CE-A80F-DAA034C98B82}.Release|Any CPU.Build.0 = Release|Any CPU
		{26ADADBB-B175-47CE-A80F-DAA034C98B82}.Release|x64.ActiveCfg = Release|x64
		{26ADADBB-B175-47CE-A80F-DAA034C98B82}.Release|x64.Build.0 = Release|x64
		{26ADADBB-B175-47CE-A80F-DAA034C98B82}.Release|x86.ActiveCfg = Release|Any CPU
		{26ADADBB-B175-47CE-A80F-DAA034C98B82}.Release|x86.Build.0 = Release|Any CPU
		{357295C3-64CF-43DF-A56F-99CD133B44A0}.Debug|Any CPU.ActiveCfg = Debug|Any CPU
		{357295C3-64CF-43DF-A56F-99CD133B44A0}.Debug|Any CPU.Build.0 = Debug|Any CPU
		{357295C3-64CF-43DF-A56F-99CD133B44A0}.Debug|x64.ActiveCfg = Debug|x64
		{357295C3-64CF-43DF-A56F-99CD133B44A0}.Debug|x64.Build.0 = Debug|x64
		{357295C3-64CF-43DF-A56F-99CD133B44A0}.Debug|x86.ActiveCfg = Debug|Any CPU
		{357295C3-64CF-43DF-A56F-99CD133B44A0}.Debug|x86.Build.0 = Debug|Any CPU
		{357295C3-64CF-43DF-A56F-99CD133B44A0}.Release|Any CPU.ActiveCfg = Release|Any CPU
		{357295C3-64CF-43DF-A56F-99CD133B44A0}.Release|Any CPU.Build.0 = Release|Any CPU
		{357295C3-64CF-43DF-A56F-99CD133B44A0}.Release|x64.ActiveCfg = Release|x64
		{357295C3-64CF-43DF-A56F-99CD133B44A0}.Release|x64.Build.0 = Release|x64
		{357295C3-64CF-43DF-A56F-99CD133B44A0}.Release|x86.ActiveCfg = Release|Any CPU
		{357295C3-64CF-43DF-A56F-99CD133B44A0}.Release|x86.Build.0 = Release|Any CPU
		{D768F549-CFF8-4022-A542-D4C0FCB90623}.Debug|Any CPU.ActiveCfg = Debug|Any CPU
		{D768F549-CFF8-4022-A542-D4C0FCB90623}.Debug|Any CPU.Build.0 = Debug|Any CPU
		{D768F549-CFF8-4022-A542-D4C0FCB90623}.Debug|x64.ActiveCfg = Debug|x64
		{D768F549-CFF8-4022-A542-D4C0FCB90623}.Debug|x64.Build.0 = Debug|x64
		{D768F549-CFF8-4022-A542-D4C0FCB90623}.Debug|x86.ActiveCfg = Debug|Any CPU
		{D768F549-CFF8-4022-A542-D4C0FCB90623}.Debug|x86.Build.0 = Debug|Any CPU
		{D768F549-CFF8-4022-A542-D4C0FCB90623}.Release|Any CPU.ActiveCfg = Release|Any CPU
		{D768F549-CFF8-4022-A542-D4C0FCB90623}.Release|Any CPU.Build.0 = Release|Any CPU
		{D768F549-CFF8-4022-A542-D4C0FCB90623}.Release|x64.ActiveCfg = Release|x64
		{D768F549-CFF8-4022-A542-D4C0FCB90623}.Release|x64.Build.0 = Release|x64
		{D768F549-CFF8-4022-A542-D4C0FCB90623}.Release|x86.ActiveCfg = Release|Any CPU
		{D768F549-CFF8-4022-A542-D4C0FCB90623}.Release|x86.Build.0 = Release|Any CPU
		{91168C5A-5A50-4585-BF3F-CEEAD37D49FD}.Debug|Any CPU.ActiveCfg = Debug|Any CPU
		{91168C5A-5A50-4585-BF3F-CEEAD37D49FD}.Debug|Any CPU.Build.0 = Debug|Any CPU
		{91168C5A-5A50-4585-BF3F-CEEAD37D49FD}.Debug|x64.ActiveCfg = Debug|x64
		{91168C5A-5A50-4585-BF3F-CEEAD37D49FD}.Debug|x64.Build.0 = Debug|x64
		{91168C5A-5A50-4585-BF3F-CEEAD37D49FD}.Debug|x86.ActiveCfg = Debug|Any CPU
		{91168C5A-5A50-4585-BF3F-CEEAD37D49FD}.Debug|x86.Build.0 = Debug|Any CPU
		{91168C5A-5A50-4585-BF3F-CEEAD37D49FD}.Release|Any CPU.ActiveCfg = Release|Any CPU
		{91168C5A-5A50-4585-BF3F-CEEAD37D49FD}.Release|Any CPU.Build.0 = Release|Any CPU
		{91168C5A-5A50-4585-BF3F-CEEAD37D49FD}.Release|x64.ActiveCfg = Release|x64
		{91168C5A-5A50-4585-BF3F-CEEAD37D49FD}.Release|x64.Build.0 = Release|x64
		{91168C5A-5A50-4585-BF3F-CEEAD37D49FD}.Release|x86.ActiveCfg = Release|Any CPU
		{91168C5A-5A50-4585-BF3F-CEEAD37D49FD}.Release|x86.Build.0 = Release|Any CPU
		{A411CB83-41AD-4016-B677-8147BD6A0DA2}.Debug|Any CPU.ActiveCfg = Debug|Any CPU
		{A411CB83-41AD-4016-B677-8147BD6A0DA2}.Debug|Any CPU.Build.0 = Debug|Any CPU
		{A411CB83-41AD-4016-B677-8147BD6A0DA2}.Debug|x64.ActiveCfg = Debug|x64
		{A411CB83-41AD-4016-B677-8147BD6A0DA2}.Debug|x64.Build.0 = Debug|x64
		{A411CB83-41AD-4016-B677-8147BD6A0DA2}.Debug|x86.ActiveCfg = Debug|Any CPU
		{A411CB83-41AD-4016-B677-8147BD6A0DA2}.Debug|x86.Build.0 = Debug|Any CPU
		{A411CB83-41AD-4016-B677-8147BD6A0DA2}.Release|Any CPU.ActiveCfg = Release|Any CPU
		{A411CB83-41AD-4016-B677-8147BD6A0DA2}.Release|Any CPU.Build.0 = Release|Any CPU
		{A411CB83-41AD-4016-B677-8147BD6A0DA2}.Release|x64.ActiveCfg = Release|x64
		{A411CB83-41AD-4016-B677-8147BD6A0DA2}.Release|x64.Build.0 = Release|x64
		{A411CB83-41AD-4016-B677-8147BD6A0DA2}.Release|x86.ActiveCfg = Release|Any CPU
		{A411CB83-41AD-4016-B677-8147BD6A0DA2}.Release|x86.Build.0 = Release|Any CPU
		{B967395B-11AA-4811-8AC7-86DF15A07D95}.Debug|Any CPU.ActiveCfg = Debug|Any CPU
		{B967395B-11AA-4811-8AC7-86DF15A07D95}.Debug|Any CPU.Build.0 = Debug|Any CPU
		{B967395B-11AA-4811-8AC7-86DF15A07D95}.Debug|x64.ActiveCfg = Debug|x64
		{B967395B-11AA-4811-8AC7-86DF15A07D95}.Debug|x64.Build.0 = Debug|x64
		{B967395B-11AA-4811-8AC7-86DF15A07D95}.Debug|x86.ActiveCfg = Debug|Any CPU
		{B967395B-11AA-4811-8AC7-86DF15A07D95}.Debug|x86.Build.0 = Debug|Any CPU
		{B967395B-11AA-4811-8AC7-86DF15A07D95}.Release|Any CPU.ActiveCfg = Release|Any CPU
		{B967395B-11AA-4811-8AC7-86DF15A07D95}.Release|Any CPU.Build.0 = Release|Any CPU
		{B967395B-11AA-4811-8AC7-86DF15A07D95}.Release|x64.ActiveCfg = Release|x64
		{B967395B-11AA-4811-8AC7-86DF15A07D95}.Release|x64.Build.0 = Release|x64
		{B967395B-11AA-4811-8AC7-86DF15A07D95}.Release|x86.ActiveCfg = Release|Any CPU
		{B967395B-11AA-4811-8AC7-86DF15A07D95}.Release|x86.Build.0 = Release|Any CPU
		{82A8C5A6-543E-4CA9-AC1A-78533ABFF59B}.Debug|Any CPU.ActiveCfg = Debug|Any CPU
		{82A8C5A6-543E-4CA9-AC1A-78533ABFF59B}.Debug|Any CPU.Build.0 = Debug|Any CPU
		{82A8C5A6-543E-4CA9-AC1A-78533ABFF59B}.Debug|x64.ActiveCfg = Debug|x64
		{82A8C5A6-543E-4CA9-AC1A-78533ABFF59B}.Debug|x64.Build.0 = Debug|x64
		{82A8C5A6-543E-4CA9-AC1A-78533ABFF59B}.Debug|x86.ActiveCfg = Debug|Any CPU
		{82A8C5A6-543E-4CA9-AC1A-78533ABFF59B}.Debug|x86.Build.0 = Debug|Any CPU
		{82A8C5A6-543E-4CA9-AC1A-78533ABFF59B}.Release|Any CPU.ActiveCfg = Release|Any CPU
		{82A8C5A6-543E-4CA9-AC1A-78533ABFF59B}.Release|Any CPU.Build.0 = Release|Any CPU
		{82A8C5A6-543E-4CA9-AC1A-78533ABFF59B}.Release|x64.ActiveCfg = Release|Any CPU
		{82A8C5A6-543E-4CA9-AC1A-78533ABFF59B}.Release|x64.Build.0 = Release|Any CPU
		{82A8C5A6-543E-4CA9-AC1A-78533ABFF59B}.Release|x86.ActiveCfg = Release|Any CPU
		{82A8C5A6-543E-4CA9-AC1A-78533ABFF59B}.Release|x86.Build.0 = Release|Any CPU
		{B379D4A9-18D5-404F-B100-71CFB6CEF717}.Debug|Any CPU.ActiveCfg = Debug|Any CPU
		{B379D4A9-18D5-404F-B100-71CFB6CEF717}.Debug|Any CPU.Build.0 = Debug|Any CPU
		{B379D4A9-18D5-404F-B100-71CFB6CEF717}.Debug|x64.ActiveCfg = Debug|x64
		{B379D4A9-18D5-404F-B100-71CFB6CEF717}.Debug|x64.Build.0 = Debug|x64
		{B379D4A9-18D5-404F-B100-71CFB6CEF717}.Debug|x86.ActiveCfg = Debug|Any CPU
		{B379D4A9-18D5-404F-B100-71CFB6CEF717}.Debug|x86.Build.0 = Debug|Any CPU
		{B379D4A9-18D5-404F-B100-71CFB6CEF717}.Release|Any CPU.ActiveCfg = Release|Any CPU
		{B379D4A9-18D5-404F-B100-71CFB6CEF717}.Release|Any CPU.Build.0 = Release|Any CPU
		{B379D4A9-18D5-404F-B100-71CFB6CEF717}.Release|x64.ActiveCfg = Release|Any CPU
		{B379D4A9-18D5-404F-B100-71CFB6CEF717}.Release|x64.Build.0 = Release|Any CPU
		{B379D4A9-18D5-404F-B100-71CFB6CEF717}.Release|x86.ActiveCfg = Release|Any CPU
		{B379D4A9-18D5-404F-B100-71CFB6CEF717}.Release|x86.Build.0 = Release|Any CPU
		{7C125B57-4671-4D0E-B5BE-E2E6CDBC7073}.Debug|Any CPU.ActiveCfg = Debug|Win32
		{7C125B57-4671-4D0E-B5BE-E2E6CDBC7073}.Debug|x64.ActiveCfg = Debug|x64
		{7C125B57-4671-4D0E-B5BE-E2E6CDBC7073}.Debug|x64.Build.0 = Debug|x64
		{7C125B57-4671-4D0E-B5BE-E2E6CDBC7073}.Debug|x86.ActiveCfg = Debug|Win32
		{7C125B57-4671-4D0E-B5BE-E2E6CDBC7073}.Debug|x86.Build.0 = Debug|Win32
		{7C125B57-4671-4D0E-B5BE-E2E6CDBC7073}.Release|Any CPU.ActiveCfg = Release|Win32
		{7C125B57-4671-4D0E-B5BE-E2E6CDBC7073}.Release|x64.ActiveCfg = Release|x64
		{7C125B57-4671-4D0E-B5BE-E2E6CDBC7073}.Release|x64.Build.0 = Release|x64
		{7C125B57-4671-4D0E-B5BE-E2E6CDBC7073}.Release|x86.ActiveCfg = Release|Win32
		{7C125B57-4671-4D0E-B5BE-E2E6CDBC7073}.Release|x86.Build.0 = Release|Win32
		{E8410DCD-51C2-49B3-9AF7-573187708B20}.Debug|Any CPU.ActiveCfg = Debug|Any CPU
		{E8410DCD-51C2-49B3-9AF7-573187708B20}.Debug|Any CPU.Build.0 = Debug|Any CPU
		{E8410DCD-51C2-49B3-9AF7-573187708B20}.Debug|x64.ActiveCfg = Debug|x64
		{E8410DCD-51C2-49B3-9AF7-573187708B20}.Debug|x64.Build.0 = Debug|x64
		{E8410DCD-51C2-49B3-9AF7-573187708B20}.Debug|x86.ActiveCfg = Debug|Any CPU
		{E8410DCD-51C2-49B3-9AF7-573187708B20}.Debug|x86.Build.0 = Debug|Any CPU
		{E8410DCD-51C2-49B3-9AF7-573187708B20}.Release|Any CPU.ActiveCfg = Release|Any CPU
		{E8410DCD-51C2-49B3-9AF7-573187708B20}.Release|Any CPU.Build.0 = Release|Any CPU
		{E8410DCD-51C2-49B3-9AF7-573187708B20}.Release|x64.ActiveCfg = Release|Any CPU
		{E8410DCD-51C2-49B3-9AF7-573187708B20}.Release|x64.Build.0 = Release|Any CPU
		{E8410DCD-51C2-49B3-9AF7-573187708B20}.Release|x86.ActiveCfg = Release|Any CPU
		{E8410DCD-51C2-49B3-9AF7-573187708B20}.Release|x86.Build.0 = Release|Any CPU
	EndGlobalSection
	GlobalSection(SolutionProperties) = preSolution
		HideSolutionNode = FALSE
	EndGlobalSection
	GlobalSection(NestedProjects) = preSolution
		{30D55E69-7CAB-41E8-8F69-2A292B9AF891} = {BB0BC4EB-9FB4-430C-B917-5B6D8DCD5626}
	EndGlobalSection
	GlobalSection(ExtensibilityGlobals) = postSolution
		SolutionGuid = {92BD8A1C-D309-46B8-AF35-C835627C0313}
	EndGlobalSection
EndGlobal
